
Microsoft Visual Studio Solution File, Format Version 12.00
# Visual Studio Version 16
VisualStudioVersion = 16.0.30907.101
MinimumVisualStudioVersion = 10.0.40219.1
Project("{FAE04EC0-301F-11D3-BF4B-00C04F79EFBC}") = "MISA.CukCuk", "MISA.CukCuk\MISA.CukCuk.csproj", "{5AD30F6F-BE40-452E-9EEA-2503BA35DE34}"
EndProject
Global
	GlobalSection(SolutionConfigurationPlatforms) = preSolution
		Debug|Any CPU = Debug|Any CPU
		Release|Any CPU = Release|Any CPU
	EndGlobalSection
	GlobalSection(ProjectConfigurationPlatforms) = postSolution
		{5AD30F6F-BE40-452E-9EEA-2503BA35DE34}.Debug|Any CPU.ActiveCfg = Debug|Any CPU
		{5AD30F6F-BE40-452E-9EEA-2503BA35DE34}.Debug|Any CPU.Build.0 = Debug|Any CPU
		{5AD30F6F-BE40-452E-9EEA-2503BA35DE34}.Release|Any CPU.ActiveCfg = Release|Any CPU
		{5AD30F6F-BE40-452E-9EEA-2503BA35DE34}.Release|Any CPU.Build.0 = Release|Any CPU
	EndGlobalSection
	GlobalSection(SolutionProperties) = preSolution
		HideSolutionNode = FALSE
	EndGlobalSection
	GlobalSection(ExtensibilityGlobals) = postSolution
		SolutionGuid = {AAB83912-3EFA-4B26-AB60-0AB1488848AD}
	EndGlobalSection
EndGlobal
